
Microsoft Visual Studio Solution File, Format Version 12.00
# Visual Studio Version 17
VisualStudioVersion = 17.6.33829.357
MinimumVisualStudioVersion = 10.0.40219.1
Project("{FAE04EC0-301F-11D3-BF4B-00C04F79EFBC}") = "consumirApi", "consumirApi\consumirApi.csproj", "{8C65DAB6-6A1A-4418-B0CA-CB7460BE639B}"
EndProject
Global
	GlobalSection(SolutionConfigurationPlatforms) = preSolution
		Debug|Any CPU = Debug|Any CPU
		Release|Any CPU = Release|Any CPU
	EndGlobalSection
	GlobalSection(ProjectConfigurationPlatforms) = postSolution
		{8C65DAB6-6A1A-4418-B0CA-CB7460BE639B}.Debug|Any CPU.ActiveCfg = Debug|Any CPU
		{8C65DAB6-6A1A-4418-B0CA-CB7460BE639B}.Debug|Any CPU.Build.0 = Debug|Any CPU
		{8C65DAB6-6A1A-4418-B0CA-CB7460BE639B}.Release|Any CPU.ActiveCfg = Release|Any CPU
		{8C65DAB6-6A1A-4418-B0CA-CB7460BE639B}.Release|Any CPU.Build.0 = Release|Any CPU
	EndGlobalSection
	GlobalSection(SolutionProperties) = preSolution
		HideSolutionNode = FALSE
	EndGlobalSection
	GlobalSection(ExtensibilityGlobals) = postSolution
		SolutionGuid = {6163EE00-7615-4328-AD89-21023D1D85A6}
	EndGlobalSection
EndGlobal
